
Microsoft Visual Studio Solution File, Format Version 12.00
# Visual Studio 15
VisualStudioVersion = 15.0.27130.2003
MinimumVisualStudioVersion = 10.0.40219.1
Project("{FAE04EC0-301F-11D3-BF4B-00C04F79EFBC}") = "Автостоянка", "Автостоянка\Автостоянка.csproj", "{C641AE34-7E1B-49A0-8ACA-6D956CB3D2CF}"
EndProject
Project("{FAE04EC0-301F-11D3-BF4B-00C04F79EFBC}") = "СтоянкаModel", "СтоянкаModel\СтоянкаModel.csproj", "{A9E2EB1E-4369-4A0C-AC4A-8CF7C32FED21}"
EndProject
Project("{FAE04EC0-301F-11D3-BF4B-00C04F79EFBC}") = "Common", "Common\Common.csproj", "{30EA9184-7907-4C80-9095-4F998CBF43A9}"
EndProject
Global
	GlobalSection(SolutionConfigurationPlatforms) = preSolution
		Debug|Any CPU = Debug|Any CPU
		Release|Any CPU = Release|Any CPU
	EndGlobalSection
	GlobalSection(ProjectConfigurationPlatforms) = postSolution
		{C641AE34-7E1B-49A0-8ACA-6D956CB3D2CF}.Debug|Any CPU.ActiveCfg = Debug|Any CPU
		{C641AE34-7E1B-49A0-8ACA-6D956CB3D2CF}.Debug|Any CPU.Build.0 = Debug|Any CPU
		{C641AE34-7E1B-49A0-8ACA-6D956CB3D2CF}.Release|Any CPU.ActiveCfg = Release|Any CPU
		{C641AE34-7E1B-49A0-8ACA-6D956CB3D2CF}.Release|Any CPU.Build.0 = Release|Any CPU
		{A9E2EB1E-4369-4A0C-AC4A-8CF7C32FED21}.Debug|Any CPU.ActiveCfg = Debug|Any CPU
		{A9E2EB1E-4369-4A0C-AC4A-8CF7C32FED21}.Debug|Any CPU.Build.0 = Debug|Any CPU
		{A9E2EB1E-4369-4A0C-AC4A-8CF7C32FED21}.Release|Any CPU.ActiveCfg = Release|Any CPU
		{A9E2EB1E-4369-4A0C-AC4A-8CF7C32FED21}.Release|Any CPU.Build.0 = Release|Any CPU
		{30EA9184-7907-4C80-9095-4F998CBF43A9}.Debug|Any CPU.ActiveCfg = Debug|Any CPU
		{30EA9184-7907-4C80-9095-4F998CBF43A9}.Debug|Any CPU.Build.0 = Debug|Any CPU
		{30EA9184-7907-4C80-9095-4F998CBF43A9}.Release|Any CPU.ActiveCfg = Release|Any CPU
		{30EA9184-7907-4C80-9095-4F998CBF43A9}.Release|Any CPU.Build.0 = Release|Any CPU
	EndGlobalSection
	GlobalSection(SolutionProperties) = preSolution
		HideSolutionNode = FALSE
	EndGlobalSection
	GlobalSection(ExtensibilityGlobals) = postSolution
		SolutionGuid = {DD420434-7D87-44C6-8366-293E565C4790}
	EndGlobalSection
EndGlobal
